// !$*UTF8*$!
{
	archiveVersion = 1;
	classes = {
	};
	objectVersion = 56;
	objects = {

/* Begin PBXBuildFile section */
		20B1F421297D3D5B0068C54E /* CatFactsItemMapper.swift in Sources */ = {isa = PBXBuildFile; fileRef = 20B1F420297D3D5B0068C54E /* CatFactsItemMapper.swift */; };
		20B1F423297D3EBC0068C54E /* CatFactItem.swift in Sources */ = {isa = PBXBuildFile; fileRef = 20B1F422297D3EBC0068C54E /* CatFactItem.swift */; };
		20B1F425297D503C0068C54E /* CatFactLoaderLogDecorator.swift in Sources */ = {isa = PBXBuildFile; fileRef = 20B1F424297D503C0068C54E /* CatFactLoaderLogDecorator.swift */; };
		20B1F427297D50940068C54E /* CatFactLoaderCacheDecorator.swift in Sources */ = {isa = PBXBuildFile; fileRef = 20B1F426297D50940068C54E /* CatFactLoaderCacheDecorator.swift */; };
		20B1F42A297D528D0068C54E /* CatFacts.json in Resources */ = {isa = PBXBuildFile; fileRef = 20B1F429297D528D0068C54E /* CatFacts.json */; };
		20B1F42C297D68980068C54E /* JSONCatFactLoader.swift in Sources */ = {isa = PBXBuildFile; fileRef = 20B1F42B297D68980068C54E /* JSONCatFactLoader.swift */; };
		20B1F431297D875A0068C54E /* RemoteCatFactLoader.swift in Sources */ = {isa = PBXBuildFile; fileRef = 20B1F430297D875A0068C54E /* RemoteCatFactLoader.swift */; };
		20B1F433297D896D0068C54E /* CatFactLoaderFallbackComposite.swift in Sources */ = {isa = PBXBuildFile; fileRef = 20B1F432297D896D0068C54E /* CatFactLoaderFallbackComposite.swift */; };
		20B1F441297D91590068C54E /* HTTPClient.swift in Sources */ = {isa = PBXBuildFile; fileRef = 20B1F440297D91590068C54E /* HTTPClient.swift */; };
		20B1F444297D92010068C54E /* URLSessionHTTPClient.swift in Sources */ = {isa = PBXBuildFile; fileRef = 20B1F443297D92010068C54E /* URLSessionHTTPClient.swift */; };
		20BD7BC2291F770300C7A162 /* AppDelegate.swift in Sources */ = {isa = PBXBuildFile; fileRef = 20BD7BC1291F770300C7A162 /* AppDelegate.swift */; };
		20BD7BC4291F770300C7A162 /* SceneDelegate.swift in Sources */ = {isa = PBXBuildFile; fileRef = 20BD7BC3291F770300C7A162 /* SceneDelegate.swift */; };
		20BD7BC6291F770300C7A162 /* MovieListViewController.swift in Sources */ = {isa = PBXBuildFile; fileRef = 20BD7BC5291F770300C7A162 /* MovieListViewController.swift */; };
		20BD7BC9291F770300C7A162 /* Main.storyboard in Resources */ = {isa = PBXBuildFile; fileRef = 20BD7BC7291F770300C7A162 /* Main.storyboard */; };
		20BD7BCB291F770500C7A162 /* Assets.xcassets in Resources */ = {isa = PBXBuildFile; fileRef = 20BD7BCA291F770500C7A162 /* Assets.xcassets */; };
		20BD7BCE291F770500C7A162 /* LaunchScreen.storyboard in Resources */ = {isa = PBXBuildFile; fileRef = 20BD7BCC291F770500C7A162 /* LaunchScreen.storyboard */; };
		20F4837D291FF3A2005FF1D8 /* CatFactCell.swift in Sources */ = {isa = PBXBuildFile; fileRef = 20F4837C291FF3A2005FF1D8 /* CatFactCell.swift */; };
		20F4837F291FF433005FF1D8 /* CatFactLoader.swift in Sources */ = {isa = PBXBuildFile; fileRef = 20F4837E291FF433005FF1D8 /* CatFactLoader.swift */; };
		20F483852920CF79005FF1D8 /* RemoteCatFactResponse.swift in Sources */ = {isa = PBXBuildFile; fileRef = 20F483842920CF79005FF1D8 /* RemoteCatFactResponse.swift */; };
		20F483872920CF8F005FF1D8 /* GeneralError.swift in Sources */ = {isa = PBXBuildFile; fileRef = 20F483862920CF8F005FF1D8 /* GeneralError.swift */; };
/* End PBXBuildFile section */

/* Begin PBXFileReference section */
		20B1F420297D3D5B0068C54E /* CatFactsItemMapper.swift */ = {isa = PBXFileReference; lastKnownFileType = sourcecode.swift; path = CatFactsItemMapper.swift; sourceTree = "<group>"; };
		20B1F422297D3EBC0068C54E /* CatFactItem.swift */ = {isa = PBXFileReference; lastKnownFileType = sourcecode.swift; path = CatFactItem.swift; sourceTree = "<group>"; };
		20B1F424297D503C0068C54E /* CatFactLoaderLogDecorator.swift */ = {isa = PBXFileReference; lastKnownFileType = sourcecode.swift; path = CatFactLoaderLogDecorator.swift; sourceTree = "<group>"; };
		20B1F426297D50940068C54E /* CatFactLoaderCacheDecorator.swift */ = {isa = PBXFileReference; lastKnownFileType = sourcecode.swift; path = CatFactLoaderCacheDecorator.swift; sourceTree = "<group>"; };
		20B1F429297D528D0068C54E /* CatFacts.json */ = {isa = PBXFileReference; fileEncoding = 4; lastKnownFileType = text.json; path = CatFacts.json; sourceTree = "<group>"; };
		20B1F42B297D68980068C54E /* JSONCatFactLoader.swift */ = {isa = PBXFileReference; lastKnownFileType = sourcecode.swift; path = JSONCatFactLoader.swift; sourceTree = "<group>"; };
		20B1F430297D875A0068C54E /* RemoteCatFactLoader.swift */ = {isa = PBXFileReference; lastKnownFileType = sourcecode.swift; path = RemoteCatFactLoader.swift; sourceTree = "<group>"; };
		20B1F432297D896D0068C54E /* CatFactLoaderFallbackComposite.swift */ = {isa = PBXFileReference; lastKnownFileType = sourcecode.swift; path = CatFactLoaderFallbackComposite.swift; sourceTree = "<group>"; };
		20B1F440297D91590068C54E /* HTTPClient.swift */ = {isa = PBXFileReference; lastKnownFileType = sourcecode.swift; path = HTTPClient.swift; sourceTree = "<group>"; };
		20B1F443297D92010068C54E /* URLSessionHTTPClient.swift */ = {isa = PBXFileReference; lastKnownFileType = sourcecode.swift; path = URLSessionHTTPClient.swift; sourceTree = "<group>"; };
		20BD7BBE291F770300C7A162 /* SOLID iOS Example.app */ = {isa = PBXFileReference; explicitFileType = wrapper.application; includeInIndex = 0; path = "SOLID iOS Example.app"; sourceTree = BUILT_PRODUCTS_DIR; };
		20BD7BC1291F770300C7A162 /* AppDelegate.swift */ = {isa = PBXFileReference; lastKnownFileType = sourcecode.swift; path = AppDelegate.swift; sourceTree = "<group>"; };
		20BD7BC3291F770300C7A162 /* SceneDelegate.swift */ = {isa = PBXFileReference; lastKnownFileType = sourcecode.swift; path = SceneDelegate.swift; sourceTree = "<group>"; };
		20BD7BC5291F770300C7A162 /* MovieListViewController.swift */ = {isa = PBXFileReference; lastKnownFileType = sourcecode.swift; path = MovieListViewController.swift; sourceTree = "<group>"; };
		20BD7BC8291F770300C7A162 /* Base */ = {isa = PBXFileReference; lastKnownFileType = file.storyboard; name = Base; path = Base.lproj/Main.storyboard; sourceTree = "<group>"; };
		20BD7BCA291F770500C7A162 /* Assets.xcassets */ = {isa = PBXFileReference; lastKnownFileType = folder.assetcatalog; path = Assets.xcassets; sourceTree = "<group>"; };
		20BD7BCD291F770500C7A162 /* Base */ = {isa = PBXFileReference; lastKnownFileType = file.storyboard; name = Base; path = Base.lproj/LaunchScreen.storyboard; sourceTree = "<group>"; };
		20BD7BCF291F770500C7A162 /* Info.plist */ = {isa = PBXFileReference; lastKnownFileType = text.plist.xml; path = Info.plist; sourceTree = "<group>"; };
		20F4837C291FF3A2005FF1D8 /* CatFactCell.swift */ = {isa = PBXFileReference; lastKnownFileType = sourcecode.swift; path = CatFactCell.swift; sourceTree = "<group>"; };
		20F4837E291FF433005FF1D8 /* CatFactLoader.swift */ = {isa = PBXFileReference; lastKnownFileType = sourcecode.swift; path = CatFactLoader.swift; sourceTree = "<group>"; };
		20F483842920CF79005FF1D8 /* RemoteCatFactResponse.swift */ = {isa = PBXFileReference; lastKnownFileType = sourcecode.swift; path = RemoteCatFactResponse.swift; sourceTree = "<group>"; };
		20F483862920CF8F005FF1D8 /* GeneralError.swift */ = {isa = PBXFileReference; lastKnownFileType = sourcecode.swift; path = GeneralError.swift; sourceTree = "<group>"; };
/* End PBXFileReference section */

/* Begin PBXFrameworksBuildPhase section */
		20BD7BBB291F770300C7A162 /* Frameworks */ = {
			isa = PBXFrameworksBuildPhase;
			buildActionMask = 2147483647;
			files = (
			);
			runOnlyForDeploymentPostprocessing = 0;
		};
/* End PBXFrameworksBuildPhase section */

/* Begin PBXGroup section */
		20B1F434297D8D050068C54E /* Features */ = {
			isa = PBXGroup;
			children = (
				20F4837E291FF433005FF1D8 /* CatFactLoader.swift */,
				20B1F422297D3EBC0068C54E /* CatFactItem.swift */,
			);
			path = Features;
			sourceTree = "<group>";
		};
		20B1F435297D8D1D0068C54E /* API */ = {
			isa = PBXGroup;
			children = (
				20F483842920CF79005FF1D8 /* RemoteCatFactResponse.swift */,
				20B1F420297D3D5B0068C54E /* CatFactsItemMapper.swift */,
				20B1F430297D875A0068C54E /* RemoteCatFactLoader.swift */,
			);
			path = API;
			sourceTree = "<group>";
		};
		20B1F436297D8D260068C54E /* Cat Facts Modules */ = {
			isa = PBXGroup;
			children = (
				20F483812920C3D3005FF1D8 /* Main */,
				20B1F437297D8D390068C54E /* JSON */,
				20B1F435297D8D1D0068C54E /* API */,
				20B1F434297D8D050068C54E /* Features */,
			);
			path = "Cat Facts Modules";
			sourceTree = "<group>";
		};
		20B1F437297D8D390068C54E /* JSON */ = {
			isa = PBXGroup;
			children = (
				20B1F429297D528D0068C54E /* CatFacts.json */,
				20B1F42B297D68980068C54E /* JSONCatFactLoader.swift */,
			);
			path = JSON;
			sourceTree = "<group>";
		};
		20B1F438297D8D740068C54E /* Shared */ = {
			isa = PBXGroup;
			children = (
				20F483862920CF8F005FF1D8 /* GeneralError.swift */,
			);
			path = Shared;
			sourceTree = "<group>";
		};
		20B1F43F297D913D0068C54E /* HTTPClient Modules */ = {
			isa = PBXGroup;
			children = (
				20B1F442297D91600068C54E /* Features */,
				20B1F443297D92010068C54E /* URLSessionHTTPClient.swift */,
			);
			path = "HTTPClient Modules";
			sourceTree = "<group>";
		};
		20B1F442297D91600068C54E /* Features */ = {
			isa = PBXGroup;
			children = (
				20B1F440297D91590068C54E /* HTTPClient.swift */,
			);
			path = Features;
			sourceTree = "<group>";
		};
		20BD7BB5291F770300C7A162 = {
			isa = PBXGroup;
			children = (
				20BD7BC0291F770300C7A162 /* SOLID iOS Example */,
				20BD7BBF291F770300C7A162 /* Products */,
			);
			sourceTree = "<group>";
		};
		20BD7BBF291F770300C7A162 /* Products */ = {
			isa = PBXGroup;
			children = (
				20BD7BBE291F770300C7A162 /* SOLID iOS Example.app */,
			);
			name = Products;
			sourceTree = "<group>";
		};
		20BD7BC0291F770300C7A162 /* SOLID iOS Example */ = {
			isa = PBXGroup;
			children = (
				20B1F438297D8D740068C54E /* Shared */,
				20B1F43F297D913D0068C54E /* HTTPClient Modules */,
				20B1F436297D8D260068C54E /* Cat Facts Modules */,
				20F483822920C3FC005FF1D8 /* UI */,
				20BD7BC1291F770300C7A162 /* AppDelegate.swift */,
				20BD7BC3291F770300C7A162 /* SceneDelegate.swift */,
				20BD7BCA291F770500C7A162 /* Assets.xcassets */,
				20BD7BCC291F770500C7A162 /* LaunchScreen.storyboard */,
				20BD7BCF291F770500C7A162 /* Info.plist */,
			);
			path = "SOLID iOS Example";
			sourceTree = "<group>";
		};
		20F483812920C3D3005FF1D8 /* Main */ = {
			isa = PBXGroup;
			children = (
				20B1F424297D503C0068C54E /* CatFactLoaderLogDecorator.swift */,
				20B1F426297D50940068C54E /* CatFactLoaderCacheDecorator.swift */,
				20B1F432297D896D0068C54E /* CatFactLoaderFallbackComposite.swift */,
			);
			path = Main;
			sourceTree = "<group>";
		};
		20F483822920C3FC005FF1D8 /* UI */ = {
			isa = PBXGroup;
			children = (
				20F4837C291FF3A2005FF1D8 /* CatFactCell.swift */,
				20BD7BC5291F770300C7A162 /* MovieListViewController.swift */,
				20BD7BC7291F770300C7A162 /* Main.storyboard */,
			);
			path = UI;
			sourceTree = "<group>";
		};
/* End PBXGroup section */

/* Begin PBXNativeTarget section */
		20BD7BBD291F770300C7A162 /* SOLID iOS Example */ = {
			isa = PBXNativeTarget;
			buildConfigurationList = 20BD7BD2291F770500C7A162 /* Build configuration list for PBXNativeTarget "SOLID iOS Example" */;
			buildPhases = (
				20BD7BBA291F770300C7A162 /* Sources */,
				20BD7BBB291F770300C7A162 /* Frameworks */,
				20BD7BBC291F770300C7A162 /* Resources */,
			);
			buildRules = (
			);
			dependencies = (
			);
			name = "SOLID iOS Example";
			productName = "SOLID iOS Example";
			productReference = 20BD7BBE291F770300C7A162 /* SOLID iOS Example.app */;
			productType = "com.apple.product-type.application";
		};
/* End PBXNativeTarget section */

/* Begin PBXProject section */
		20BD7BB6291F770300C7A162 /* Project object */ = {
			isa = PBXProject;
			attributes = {
				BuildIndependentTargetsInParallel = 1;
				LastSwiftUpdateCheck = 1410;
				LastUpgradeCheck = 1410;
				TargetAttributes = {
					20BD7BBD291F770300C7A162 = {
						CreatedOnToolsVersion = 14.1;
					};
				};
			};
			buildConfigurationList = 20BD7BB9291F770300C7A162 /* Build configuration list for PBXProject "SOLID iOS Example" */;
			compatibilityVersion = "Xcode 14.0";
			developmentRegion = en;
			hasScannedForEncodings = 0;
			knownRegions = (
				en,
				Base,
			);
			mainGroup = 20BD7BB5291F770300C7A162;
			productRefGroup = 20BD7BBF291F770300C7A162 /* Products */;
			projectDirPath = "";
			projectRoot = "";
			targets = (
				20BD7BBD291F770300C7A162 /* SOLID iOS Example */,
			);
		};
/* End PBXProject section */

/* Begin PBXResourcesBuildPhase section */
		20BD7BBC291F770300C7A162 /* Resources */ = {
			isa = PBXResourcesBuildPhase;
			buildActionMask = 2147483647;
			files = (
				20BD7BCE291F770500C7A162 /* LaunchScreen.storyboard in Resources */,
				20BD7BCB291F770500C7A162 /* Assets.xcassets in Resources */,
				20B1F42A297D528D0068C54E /* CatFacts.json in Resources */,
				20BD7BC9291F770300C7A162 /* Main.storyboard in Resources */,
			);
			runOnlyForDeploymentPostprocessing = 0;
		};
/* End PBXResourcesBuildPhase section */

/* Begin PBXSourcesBuildPhase section */
		20BD7BBA291F770300C7A162 /* Sources */ = {
			isa = PBXSourcesBuildPhase;
			buildActionMask = 2147483647;
			files = (
				20B1F421297D3D5B0068C54E /* CatFactsItemMapper.swift in Sources */,
				20F483852920CF79005FF1D8 /* RemoteCatFactResponse.swift in Sources */,
				20B1F431297D875A0068C54E /* RemoteCatFactLoader.swift in Sources */,
				20B1F427297D50940068C54E /* CatFactLoaderCacheDecorator.swift in Sources */,
				20B1F423297D3EBC0068C54E /* CatFactItem.swift in Sources */,
				20F483872920CF8F005FF1D8 /* GeneralError.swift in Sources */,
				20F4837F291FF433005FF1D8 /* CatFactLoader.swift in Sources */,
				20B1F433297D896D0068C54E /* CatFactLoaderFallbackComposite.swift in Sources */,
				20BD7BC6291F770300C7A162 /* MovieListViewController.swift in Sources */,
				20B1F425297D503C0068C54E /* CatFactLoaderLogDecorator.swift in Sources */,
				20BD7BC2291F770300C7A162 /* AppDelegate.swift in Sources */,
				20B1F444297D92010068C54E /* URLSessionHTTPClient.swift in Sources */,
				20B1F441297D91590068C54E /* HTTPClient.swift in Sources */,
				20B1F42C297D68980068C54E /* JSONCatFactLoader.swift in Sources */,
				20F4837D291FF3A2005FF1D8 /* CatFactCell.swift in Sources */,
				20BD7BC4291F770300C7A162 /* SceneDelegate.swift in Sources */,
			);
			runOnlyForDeploymentPostprocessing = 0;
		};
/* End PBXSourcesBuildPhase section */

/* Begin PBXVariantGroup section */
		20BD7BC7291F770300C7A162 /* Main.storyboard */ = {
			isa = PBXVariantGroup;
			children = (
				20BD7BC8291F770300C7A162 /* Base */,
			);
			name = Main.storyboard;
			sourceTree = "<group>";
		};
		20BD7BCC291F770500C7A162 /* LaunchScreen.storyboard */ = {
			isa = PBXVariantGroup;
			children = (
				20BD7BCD291F770500C7A162 /* Base */,
			);
			name = LaunchScreen.storyboard;
			sourceTree = "<group>";
		};
/* End PBXVariantGroup section */

/* Begin XCBuildConfiguration section */
		20BD7BD0291F770500C7A162 /* Debug */ = {
			isa = XCBuildConfiguration;
			buildSettings = {
				ALWAYS_SEARCH_USER_PATHS = NO;
				CLANG_ANALYZER_NONNULL = YES;
				CLANG_ANALYZER_NUMBER_OBJECT_CONVERSION = YES_AGGRESSIVE;
				CLANG_CXX_LANGUAGE_STANDARD = "gnu++20";
				CLANG_ENABLE_MODULES = YES;
				CLANG_ENABLE_OBJC_ARC = YES;
				CLANG_ENABLE_OBJC_WEAK = YES;
				CLANG_WARN_BLOCK_CAPTURE_AUTORELEASING = YES;
				CLANG_WARN_BOOL_CONVERSION = YES;
				CLANG_WARN_COMMA = YES;
				CLANG_WARN_CONSTANT_CONVERSION = YES;
				CLANG_WARN_DEPRECATED_OBJC_IMPLEMENTATIONS = YES;
				CLANG_WARN_DIRECT_OBJC_ISA_USAGE = YES_ERROR;
				CLANG_WARN_DOCUMENTATION_COMMENTS = YES;
				CLANG_WARN_EMPTY_BODY = YES;
				CLANG_WARN_ENUM_CONVERSION = YES;
				CLANG_WARN_INFINITE_RECURSION = YES;
				CLANG_WARN_INT_CONVERSION = YES;
				CLANG_WARN_NON_LITERAL_NULL_CONVERSION = YES;
				CLANG_WARN_OBJC_IMPLICIT_RETAIN_SELF = YES;
				CLANG_WARN_OBJC_LITERAL_CONVERSION = YES;
				CLANG_WARN_OBJC_ROOT_CLASS = YES_ERROR;
				CLANG_WARN_QUOTED_INCLUDE_IN_FRAMEWORK_HEADER = YES;
				CLANG_WARN_RANGE_LOOP_ANALYSIS = YES;
				CLANG_WARN_STRICT_PROTOTYPES = YES;
				CLANG_WARN_SUSPICIOUS_MOVE = YES;
				CLANG_WARN_UNGUARDED_AVAILABILITY = YES_AGGRESSIVE;
				CLANG_WARN_UNREACHABLE_CODE = YES;
				CLANG_WARN__DUPLICATE_METHOD_MATCH = YES;
				COPY_PHASE_STRIP = NO;
				DEBUG_INFORMATION_FORMAT = dwarf;
				ENABLE_STRICT_OBJC_MSGSEND = YES;
				ENABLE_TESTABILITY = YES;
				GCC_C_LANGUAGE_STANDARD = gnu11;
				GCC_DYNAMIC_NO_PIC = NO;
				GCC_NO_COMMON_BLOCKS = YES;
				GCC_OPTIMIZATION_LEVEL = 0;
				GCC_PREPROCESSOR_DEFINITIONS = (
					"DEBUG=1",
					"$(inherited)",
				);
				GCC_WARN_64_TO_32_BIT_CONVERSION = YES;
				GCC_WARN_ABOUT_RETURN_TYPE = YES_ERROR;
				GCC_WARN_UNDECLARED_SELECTOR = YES;
				GCC_WARN_UNINITIALIZED_AUTOS = YES_AGGRESSIVE;
				GCC_WARN_UNUSED_FUNCTION = YES;
				GCC_WARN_UNUSED_VARIABLE = YES;
				IPHONEOS_DEPLOYMENT_TARGET = 16.1;
				MTL_ENABLE_DEBUG_INFO = INCLUDE_SOURCE;
				MTL_FAST_MATH = YES;
				ONLY_ACTIVE_ARCH = YES;
				SDKROOT = iphoneos;
				SWIFT_ACTIVE_COMPILATION_CONDITIONS = DEBUG;
				SWIFT_OPTIMIZATION_LEVEL = "-Onone";
			};
			name = Debug;
		};
		20BD7BD1291F770500C7A162 /* Release */ = {
			isa = XCBuildConfiguration;
			buildSettings = {
				ALWAYS_SEARCH_USER_PATHS = NO;
				CLANG_ANALYZER_NONNULL = YES;
				CLANG_ANALYZER_NUMBER_OBJECT_CONVERSION = YES_AGGRESSIVE;
				CLANG_CXX_LANGUAGE_STANDARD = "gnu++20";
				CLANG_ENABLE_MODULES = YES;
				CLANG_ENABLE_OBJC_ARC = YES;
				CLANG_ENABLE_OBJC_WEAK = YES;
				CLANG_WARN_BLOCK_CAPTURE_AUTORELEASING = YES;
				CLANG_WARN_BOOL_CONVERSION = YES;
				CLANG_WARN_COMMA = YES;
				CLANG_WARN_CONSTANT_CONVERSION = YES;
				CLANG_WARN_DEPRECATED_OBJC_IMPLEMENTATIONS = YES;
				CLANG_WARN_DIRECT_OBJC_ISA_USAGE = YES_ERROR;
				CLANG_WARN_DOCUMENTATION_COMMENTS = YES;
				CLANG_WARN_EMPTY_BODY = YES;
				CLANG_WARN_ENUM_CONVERSION = YES;
				CLANG_WARN_INFINITE_RECURSION = YES;
				CLANG_WARN_INT_CONVERSION = YES;
				CLANG_WARN_NON_LITERAL_NULL_CONVERSION = YES;
				CLANG_WARN_OBJC_IMPLICIT_RETAIN_SELF = YES;
				CLANG_WARN_OBJC_LITERAL_CONVERSION = YES;
				CLANG_WARN_OBJC_ROOT_CLASS = YES_ERROR;
				CLANG_WARN_QUOTED_INCLUDE_IN_FRAMEWORK_HEADER = YES;
				CLANG_WARN_RANGE_LOOP_ANALYSIS = YES;
				CLANG_WARN_STRICT_PROTOTYPES = YES;
				CLANG_WARN_SUSPICIOUS_MOVE = YES;
				CLANG_WARN_UNGUARDED_AVAILABILITY = YES_AGGRESSIVE;
				CLANG_WARN_UNREACHABLE_CODE = YES;
				CLANG_WARN__DUPLICATE_METHOD_MATCH = YES;
				COPY_PHASE_STRIP = NO;
				DEBUG_INFORMATION_FORMAT = "dwarf-with-dsym";
				ENABLE_NS_ASSERTIONS = NO;
				ENABLE_STRICT_OBJC_MSGSEND = YES;
				GCC_C_LANGUAGE_STANDARD = gnu11;
				GCC_NO_COMMON_BLOCKS = YES;
				GCC_WARN_64_TO_32_BIT_CONVERSION = YES;
				GCC_WARN_ABOUT_RETURN_TYPE = YES_ERROR;
				GCC_WARN_UNDECLARED_SELECTOR = YES;
				GCC_WARN_UNINITIALIZED_AUTOS = YES_AGGRESSIVE;
				GCC_WARN_UNUSED_FUNCTION = YES;
				GCC_WARN_UNUSED_VARIABLE = YES;
				IPHONEOS_DEPLOYMENT_TARGET = 16.1;
				MTL_ENABLE_DEBUG_INFO = NO;
				MTL_FAST_MATH = YES;
				SDKROOT = iphoneos;
				SWIFT_COMPILATION_MODE = wholemodule;
				SWIFT_OPTIMIZATION_LEVEL = "-O";
				VALIDATE_PRODUCT = YES;
			};
			name = Release;
		};
		20BD7BD3291F770500C7A162 /* Debug */ = {
			isa = XCBuildConfiguration;
			buildSettings = {
				ASSETCATALOG_COMPILER_APPICON_NAME = AppIcon;
				ASSETCATALOG_COMPILER_GLOBAL_ACCENT_COLOR_NAME = AccentColor;
				CODE_SIGN_STYLE = Automatic;
				CURRENT_PROJECT_VERSION = 1;
				DEVELOPMENT_TEAM = X7PX2RYRJL;
				GENERATE_INFOPLIST_FILE = YES;
				INFOPLIST_FILE = "SOLID iOS Example/Info.plist";
				INFOPLIST_KEY_UIApplicationSupportsIndirectInputEvents = YES;
				INFOPLIST_KEY_UILaunchStoryboardName = LaunchScreen;
				INFOPLIST_KEY_UIMainStoryboardFile = Main;
				INFOPLIST_KEY_UISupportedInterfaceOrientations_iPad = "UIInterfaceOrientationPortrait UIInterfaceOrientationPortraitUpsideDown UIInterfaceOrientationLandscapeLeft UIInterfaceOrientationLandscapeRight";
				INFOPLIST_KEY_UISupportedInterfaceOrientations_iPhone = "UIInterfaceOrientationPortrait UIInterfaceOrientationLandscapeLeft UIInterfaceOrientationLandscapeRight";
				IPHONEOS_DEPLOYMENT_TARGET = 15.0;
				LD_RUNPATH_SEARCH_PATHS = (
					"$(inherited)",
					"@executable_path/Frameworks",
				);
				MARKETING_VERSION = 1.0;
				PRODUCT_BUNDLE_IDENTIFIER = "co.codeturnal.SOLID-iOS-Example";
				PRODUCT_NAME = "$(TARGET_NAME)";
				SWIFT_EMIT_LOC_STRINGS = YES;
				SWIFT_VERSION = 5.0;
				TARGETED_DEVICE_FAMILY = "1,2";
			};
			name = Debug;
		};
		20BD7BD4291F770500C7A162 /* Release */ = {
			isa = XCBuildConfiguration;
			buildSettings = {
				ASSETCATALOG_COMPILER_APPICON_NAME = AppIcon;
				ASSETCATALOG_COMPILER_GLOBAL_ACCENT_COLOR_NAME = AccentColor;
				CODE_SIGN_STYLE = Automatic;
				CURRENT_PROJECT_VERSION = 1;
				DEVELOPMENT_TEAM = X7PX2RYRJL;
				GENERATE_INFOPLIST_FILE = YES;
				INFOPLIST_FILE = "SOLID iOS Example/Info.plist";
				INFOPLIST_KEY_UIApplicationSupportsIndirectInputEvents = YES;
				INFOPLIST_KEY_UILaunchStoryboardName = LaunchScreen;
				INFOPLIST_KEY_UIMainStoryboardFile = Main;
				INFOPLIST_KEY_UISupportedInterfaceOrientations_iPad = "UIInterfaceOrientationPortrait UIInterfaceOrientationPortraitUpsideDown UIInterfaceOrientationLandscapeLeft UIInterfaceOrientationLandscapeRight";
				INFOPLIST_KEY_UISupportedInterfaceOrientations_iPhone = "UIInterfaceOrientationPortrait UIInterfaceOrientationLandscapeLeft UIInterfaceOrientationLandscapeRight";
				IPHONEOS_DEPLOYMENT_TARGET = 15.0;
				LD_RUNPATH_SEARCH_PATHS = (
					"$(inherited)",
					"@executable_path/Frameworks",
				);
				MARKETING_VERSION = 1.0;
				PRODUCT_BUNDLE_IDENTIFIER = "co.codeturnal.SOLID-iOS-Example";
				PRODUCT_NAME = "$(TARGET_NAME)";
				SWIFT_EMIT_LOC_STRINGS = YES;
				SWIFT_VERSION = 5.0;
				TARGETED_DEVICE_FAMILY = "1,2";
			};
			name = Release;
		};
/* End XCBuildConfiguration section */

/* Begin XCConfigurationList section */
		20BD7BB9291F770300C7A162 /* Build configuration list for PBXProject "SOLID iOS Example" */ = {
			isa = XCConfigurationList;
			buildConfigurations = (
				20BD7BD0291F770500C7A162 /* Debug */,
				20BD7BD1291F770500C7A162 /* Release */,
			);
			defaultConfigurationIsVisible = 0;
			defaultConfigurationName = Release;
		};
		20BD7BD2291F770500C7A162 /* Build configuration list for PBXNativeTarget "SOLID iOS Example" */ = {
			isa = XCConfigurationList;
			buildConfigurations = (
				20BD7BD3291F770500C7A162 /* Debug */,
				20BD7BD4291F770500C7A162 /* Release */,
			);
			defaultConfigurationIsVisible = 0;
			defaultConfigurationName = Release;
		};
/* End XCConfigurationList section */
	};
	rootObject = 20BD7BB6291F770300C7A162 /* Project object */;
}
