// !$*UTF8*$!
{
	archiveVersion = 1;
	classes = {
	};
	objectVersion = 56;
	objects = {

/* Begin PBXBuildFile section */
		20BD7BC2291F770300C7A162 /* AppDelegate.swift in Sources */ = {isa = PBXBuildFile; fileRef = 20BD7BC1291F770300C7A162 /* AppDelegate.swift */; };
		20BD7BC4291F770300C7A162 /* SceneDelegate.swift in Sources */ = {isa = PBXBuildFile; fileRef = 20BD7BC3291F770300C7A162 /* SceneDelegate.swift */; };
		20BD7BC6291F770300C7A162 /* MovieListViewController.swift in Sources */ = {isa = PBXBuildFile; fileRef = 20BD7BC5291F770300C7A162 /* MovieListViewController.swift */; };
		20BD7BC9291F770300C7A162 /* Main.storyboard in Resources */ = {isa = PBXBuildFile; fileRef = 20BD7BC7291F770300C7A162 /* Main.storyboard */; };
		20BD7BCB291F770500C7A162 /* Assets.xcassets in Resources */ = {isa = PBXBuildFile; fileRef = 20BD7BCA291F770500C7A162 /* Assets.xcassets */; };
		20BD7BCE291F770500C7A162 /* LaunchScreen.storyboard in Resources */ = {isa = PBXBuildFile; fileRef = 20BD7BCC291F770500C7A162 /* LaunchScreen.storyboard */; };
		20F4837D291FF3A2005FF1D8 /* CatFactCell.swift in Sources */ = {isa = PBXBuildFile; fileRef = 20F4837C291FF3A2005FF1D8 /* CatFactCell.swift */; };
		20F4837F291FF433005FF1D8 /* APIService.swift in Sources */ = {isa = PBXBuildFile; fileRef = 20F4837E291FF433005FF1D8 /* APIService.swift */; };
		20F483852920CF79005FF1D8 /* RemoteCatFactResponse.swift in Sources */ = {isa = PBXBuildFile; fileRef = 20F483842920CF79005FF1D8 /* RemoteCatFactResponse.swift */; };
		20F483872920CF8F005FF1D8 /* NetworkError.swift in Sources */ = {isa = PBXBuildFile; fileRef = 20F483862920CF8F005FF1D8 /* NetworkError.swift */; };
/* End PBXBuildFile section */

/* Begin PBXFileReference section */
		20BD7BBE291F770300C7A162 /* SOLID iOS Example.app */ = {isa = PBXFileReference; explicitFileType = wrapper.application; includeInIndex = 0; path = "SOLID iOS Example.app"; sourceTree = BUILT_PRODUCTS_DIR; };
		20BD7BC1291F770300C7A162 /* AppDelegate.swift */ = {isa = PBXFileReference; lastKnownFileType = sourcecode.swift; path = AppDelegate.swift; sourceTree = "<group>"; };
		20BD7BC3291F770300C7A162 /* SceneDelegate.swift */ = {isa = PBXFileReference; lastKnownFileType = sourcecode.swift; path = SceneDelegate.swift; sourceTree = "<group>"; };
		20BD7BC5291F770300C7A162 /* MovieListViewController.swift */ = {isa = PBXFileReference; lastKnownFileType = sourcecode.swift; path = MovieListViewController.swift; sourceTree = "<group>"; };
		20BD7BC8291F770300C7A162 /* Base */ = {isa = PBXFileReference; lastKnownFileType = file.storyboard; name = Base; path = Base.lproj/Main.storyboard; sourceTree = "<group>"; };
		20BD7BCA291F770500C7A162 /* Assets.xcassets */ = {isa = PBXFileReference; lastKnownFileType = folder.assetcatalog; path = Assets.xcassets; sourceTree = "<group>"; };
		20BD7BCD291F770500C7A162 /* Base */ = {isa = PBXFileReference; lastKnownFileType = file.storyboard; name = Base; path = Base.lproj/LaunchScreen.storyboard; sourceTree = "<group>"; };
		20BD7BCF291F770500C7A162 /* Info.plist */ = {isa = PBXFileReference; lastKnownFileType = text.plist.xml; path = Info.plist; sourceTree = "<group>"; };
		20F4837C291FF3A2005FF1D8 /* CatFactCell.swift */ = {isa = PBXFileReference; lastKnownFileType = sourcecode.swift; path = CatFactCell.swift; sourceTree = "<group>"; };
		20F4837E291FF433005FF1D8 /* APIService.swift */ = {isa = PBXFileReference; lastKnownFileType = sourcecode.swift; path = APIService.swift; sourceTree = "<group>"; };
		20F483842920CF79005FF1D8 /* RemoteCatFactResponse.swift */ = {isa = PBXFileReference; lastKnownFileType = sourcecode.swift; path = RemoteCatFactResponse.swift; sourceTree = "<group>"; };
		20F483862920CF8F005FF1D8 /* NetworkError.swift */ = {isa = PBXFileReference; lastKnownFileType = sourcecode.swift; path = NetworkError.swift; sourceTree = "<group>"; };
/* End PBXFileReference section */

/* Begin PBXFrameworksBuildPhase section */
		20BD7BBB291F770300C7A162 /* Frameworks */ = {
			isa = PBXFrameworksBuildPhase;
			buildActionMask = 2147483647;
			files = (
			);
			runOnlyForDeploymentPostprocessing = 0;
		};
/* End PBXFrameworksBuildPhase section */

/* Begin PBXGroup section */
		20BD7BB5291F770300C7A162 = {
			isa = PBXGroup;
			children = (
				20BD7BC0291F770300C7A162 /* SOLID iOS Example */,
				20BD7BBF291F770300C7A162 /* Products */,
			);
			sourceTree = "<group>";
		};
		20BD7BBF291F770300C7A162 /* Products */ = {
			isa = PBXGroup;
			children = (
				20BD7BBE291F770300C7A162 /* SOLID iOS Example.app */,
			);
			name = Products;
			sourceTree = "<group>";
		};
		20BD7BC0291F770300C7A162 /* SOLID iOS Example */ = {
			isa = PBXGroup;
			children = (
				20F483822920C3FC005FF1D8 /* UI */,
				20F483812920C3D3005FF1D8 /* Data Loader */,
				20F483802920C3C6005FF1D8 /* Data Model */,
				20BD7BC1291F770300C7A162 /* AppDelegate.swift */,
				20BD7BC3291F770300C7A162 /* SceneDelegate.swift */,
				20BD7BCA291F770500C7A162 /* Assets.xcassets */,
				20BD7BCC291F770500C7A162 /* LaunchScreen.storyboard */,
				20BD7BCF291F770500C7A162 /* Info.plist */,
			);
			path = "SOLID iOS Example";
			sourceTree = "<group>";
		};
		20F483802920C3C6005FF1D8 /* Data Model */ = {
			isa = PBXGroup;
			children = (
				20F4837C291FF3A2005FF1D8 /* CatFactCell.swift */,
				20F483842920CF79005FF1D8 /* RemoteCatFactResponse.swift */,
				20F483862920CF8F005FF1D8 /* NetworkError.swift */,
			);
			path = "Data Model";
			sourceTree = "<group>";
		};
		20F483812920C3D3005FF1D8 /* Data Loader */ = {
			isa = PBXGroup;
			children = (
				20F4837E291FF433005FF1D8 /* APIService.swift */,
			);
			path = "Data Loader";
			sourceTree = "<group>";
		};
		20F483822920C3FC005FF1D8 /* UI */ = {
			isa = PBXGroup;
			children = (
				20BD7BC5291F770300C7A162 /* MovieListViewController.swift */,
				20BD7BC7291F770300C7A162 /* Main.storyboard */,
			);
			path = UI;
			sourceTree = "<group>";
		};
/* End PBXGroup section */

/* Begin PBXNativeTarget section */
		20BD7BBD291F770300C7A162 /* SOLID iOS Example */ = {
			isa = PBXNativeTarget;
			buildConfigurationList = 20BD7BD2291F770500C7A162 /* Build configuration list for PBXNativeTarget "SOLID iOS Example" */;
			buildPhases = (
				20BD7BBA291F770300C7A162 /* Sources */,
				20BD7BBB291F770300C7A162 /* Frameworks */,
				20BD7BBC291F770300C7A162 /* Resources */,
			);
			buildRules = (
			);
			dependencies = (
			);
			name = "SOLID iOS Example";
			productName = "SOLID iOS Example";
			productReference = 20BD7BBE291F770300C7A162 /* SOLID iOS Example.app */;
			productType = "com.apple.product-type.application";
		};
/* End PBXNativeTarget section */

/* Begin PBXProject section */
		20BD7BB6291F770300C7A162 /* Project object */ = {
			isa = PBXProject;
			attributes = {
				BuildIndependentTargetsInParallel = 1;
				LastSwiftUpdateCheck = 1410;
				LastUpgradeCheck = 1410;
				TargetAttributes = {
					20BD7BBD291F770300C7A162 = {
						CreatedOnToolsVersion = 14.1;
					};
				};
			};
			buildConfigurationList = 20BD7BB9291F770300C7A162 /* Build configuration list for PBXProject "SOLID iOS Example" */;
			compatibilityVersion = "Xcode 14.0";
			developmentRegion = en;
			hasScannedForEncodings = 0;
			knownRegions = (
				en,
				Base,
			);
			mainGroup = 20BD7BB5291F770300C7A162;
			productRefGroup = 20BD7BBF291F770300C7A162 /* Products */;
			projectDirPath = "";
			projectRoot = "";
			targets = (
				20BD7BBD291F770300C7A162 /* SOLID iOS Example */,
			);
		};
/* End PBXProject section */

/* Begin PBXResourcesBuildPhase section */
		20BD7BBC291F770300C7A162 /* Resources */ = {
			isa = PBXResourcesBuildPhase;
			buildActionMask = 2147483647;
			files = (
				20BD7BCE291F770500C7A162 /* LaunchScreen.storyboard in Resources */,
				20BD7BCB291F770500C7A162 /* Assets.xcassets in Resources */,
				20BD7BC9291F770300C7A162 /* Main.storyboard in Resources */,
			);
			runOnlyForDeploymentPostprocessing = 0;
		};
/* End PBXResourcesBuildPhase section */

/* Begin PBXSourcesBuildPhase section */
		20BD7BBA291F770300C7A162 /* Sources */ = {
			isa = PBXSourcesBuildPhase;
			buildActionMask = 2147483647;
			files = (
				20F483852920CF79005FF1D8 /* RemoteCatFactResponse.swift in Sources */,
				20F483872920CF8F005FF1D8 /* NetworkError.swift in Sources */,
				20F4837F291FF433005FF1D8 /* APIService.swift in Sources */,
				20BD7BC6291F770300C7A162 /* MovieListViewController.swift in Sources */,
				20BD7BC2291F770300C7A162 /* AppDelegate.swift in Sources */,
				20F4837D291FF3A2005FF1D8 /* CatFactCell.swift in Sources */,
				20BD7BC4291F770300C7A162 /* SceneDelegate.swift in Sources */,
			);
			runOnlyForDeploymentPostprocessing = 0;
		};
/* End PBXSourcesBuildPhase section */

/* Begin PBXVariantGroup section */
		20BD7BC7291F770300C7A162 /* Main.storyboard */ = {
			isa = PBXVariantGroup;
			children = (
				20BD7BC8291F770300C7A162 /* Base */,
			);
			name = Main.storyboard;
			sourceTree = "<group>";
		};
		20BD7BCC291F770500C7A162 /* LaunchScreen.storyboard */ = {
			isa = PBXVariantGroup;
			children = (
				20BD7BCD291F770500C7A162 /* Base */,
			);
			name = LaunchScreen.storyboard;
			sourceTree = "<group>";
		};
/* End PBXVariantGroup section */

/* Begin XCBuildConfiguration section */
		20BD7BD0291F770500C7A162 /* Debug */ = {
			isa = XCBuildConfiguration;
			buildSettings = {
				ALWAYS_SEARCH_USER_PATHS = NO;
				CLANG_ANALYZER_NONNULL = YES;
				CLANG_ANALYZER_NUMBER_OBJECT_CONVERSION = YES_AGGRESSIVE;
				CLANG_CXX_LANGUAGE_STANDARD = "gnu++20";
				CLANG_ENABLE_MODULES = YES;
				CLANG_ENABLE_OBJC_ARC = YES;
				CLANG_ENABLE_OBJC_WEAK = YES;
				CLANG_WARN_BLOCK_CAPTURE_AUTORELEASING = YES;
				CLANG_WARN_BOOL_CONVERSION = YES;
				CLANG_WARN_COMMA = YES;
				CLANG_WARN_CONSTANT_CONVERSION = YES;
				CLANG_WARN_DEPRECATED_OBJC_IMPLEMENTATIONS = YES;
				CLANG_WARN_DIRECT_OBJC_ISA_USAGE = YES_ERROR;
				CLANG_WARN_DOCUMENTATION_COMMENTS = YES;
				CLANG_WARN_EMPTY_BODY = YES;
				CLANG_WARN_ENUM_CONVERSION = YES;
				CLANG_WARN_INFINITE_RECURSION = YES;
				CLANG_WARN_INT_CONVERSION = YES;
				CLANG_WARN_NON_LITERAL_NULL_CONVERSION = YES;
				CLANG_WARN_OBJC_IMPLICIT_RETAIN_SELF = YES;
				CLANG_WARN_OBJC_LITERAL_CONVERSION = YES;
				CLANG_WARN_OBJC_ROOT_CLASS = YES_ERROR;
				CLANG_WARN_QUOTED_INCLUDE_IN_FRAMEWORK_HEADER = YES;
				CLANG_WARN_RANGE_LOOP_ANALYSIS = YES;
				CLANG_WARN_STRICT_PROTOTYPES = YES;
				CLANG_WARN_SUSPICIOUS_MOVE = YES;
				CLANG_WARN_UNGUARDED_AVAILABILITY = YES_AGGRESSIVE;
				CLANG_WARN_UNREACHABLE_CODE = YES;
				CLANG_WARN__DUPLICATE_METHOD_MATCH = YES;
				COPY_PHASE_STRIP = NO;
				DEBUG_INFORMATION_FORMAT = dwarf;
				ENABLE_STRICT_OBJC_MSGSEND = YES;
				ENABLE_TESTABILITY = YES;
				GCC_C_LANGUAGE_STANDARD = gnu11;
				GCC_DYNAMIC_NO_PIC = NO;
				GCC_NO_COMMON_BLOCKS = YES;
				GCC_OPTIMIZATION_LEVEL = 0;
				GCC_PREPROCESSOR_DEFINITIONS = (
					"DEBUG=1",
					"$(inherited)",
				);
				GCC_WARN_64_TO_32_BIT_CONVERSION = YES;
				GCC_WARN_ABOUT_RETURN_TYPE = YES_ERROR;
				GCC_WARN_UNDECLARED_SELECTOR = YES;
				GCC_WARN_UNINITIALIZED_AUTOS = YES_AGGRESSIVE;
				GCC_WARN_UNUSED_FUNCTION = YES;
				GCC_WARN_UNUSED_VARIABLE = YES;
				IPHONEOS_DEPLOYMENT_TARGET = 16.1;
				MTL_ENABLE_DEBUG_INFO = INCLUDE_SOURCE;
				MTL_FAST_MATH = YES;
				ONLY_ACTIVE_ARCH = YES;
				SDKROOT = iphoneos;
				SWIFT_ACTIVE_COMPILATION_CONDITIONS = DEBUG;
				SWIFT_OPTIMIZATION_LEVEL = "-Onone";
			};
			name = Debug;
		};
		20BD7BD1291F770500C7A162 /* Release */ = {
			isa = XCBuildConfiguration;
			buildSettings = {
				ALWAYS_SEARCH_USER_PATHS = NO;
				CLANG_ANALYZER_NONNULL = YES;
				CLANG_ANALYZER_NUMBER_OBJECT_CONVERSION = YES_AGGRESSIVE;
				CLANG_CXX_LANGUAGE_STANDARD = "gnu++20";
				CLANG_ENABLE_MODULES = YES;
				CLANG_ENABLE_OBJC_ARC = YES;
				CLANG_ENABLE_OBJC_WEAK = YES;
				CLANG_WARN_BLOCK_CAPTURE_AUTORELEASING = YES;
				CLANG_WARN_BOOL_CONVERSION = YES;
				CLANG_WARN_COMMA = YES;
				CLANG_WARN_CONSTANT_CONVERSION = YES;
				CLANG_WARN_DEPRECATED_OBJC_IMPLEMENTATIONS = YES;
				CLANG_WARN_DIRECT_OBJC_ISA_USAGE = YES_ERROR;
				CLANG_WARN_DOCUMENTATION_COMMENTS = YES;
				CLANG_WARN_EMPTY_BODY = YES;
				CLANG_WARN_ENUM_CONVERSION = YES;
				CLANG_WARN_INFINITE_RECURSION = YES;
				CLANG_WARN_INT_CONVERSION = YES;
				CLANG_WARN_NON_LITERAL_NULL_CONVERSION = YES;
				CLANG_WARN_OBJC_IMPLICIT_RETAIN_SELF = YES;
				CLANG_WARN_OBJC_LITERAL_CONVERSION = YES;
				CLANG_WARN_OBJC_ROOT_CLASS = YES_ERROR;
				CLANG_WARN_QUOTED_INCLUDE_IN_FRAMEWORK_HEADER = YES;
				CLANG_WARN_RANGE_LOOP_ANALYSIS = YES;
				CLANG_WARN_STRICT_PROTOTYPES = YES;
				CLANG_WARN_SUSPICIOUS_MOVE = YES;
				CLANG_WARN_UNGUARDED_AVAILABILITY = YES_AGGRESSIVE;
				CLANG_WARN_UNREACHABLE_CODE = YES;
				CLANG_WARN__DUPLICATE_METHOD_MATCH = YES;
				COPY_PHASE_STRIP = NO;
				DEBUG_INFORMATION_FORMAT = "dwarf-with-dsym";
				ENABLE_NS_ASSERTIONS = NO;
				ENABLE_STRICT_OBJC_MSGSEND = YES;
				GCC_C_LANGUAGE_STANDARD = gnu11;
				GCC_NO_COMMON_BLOCKS = YES;
				GCC_WARN_64_TO_32_BIT_CONVERSION = YES;
				GCC_WARN_ABOUT_RETURN_TYPE = YES_ERROR;
				GCC_WARN_UNDECLARED_SELECTOR = YES;
				GCC_WARN_UNINITIALIZED_AUTOS = YES_AGGRESSIVE;
				GCC_WARN_UNUSED_FUNCTION = YES;
				GCC_WARN_UNUSED_VARIABLE = YES;
				IPHONEOS_DEPLOYMENT_TARGET = 16.1;
				MTL_ENABLE_DEBUG_INFO = NO;
				MTL_FAST_MATH = YES;
				SDKROOT = iphoneos;
				SWIFT_COMPILATION_MODE = wholemodule;
				SWIFT_OPTIMIZATION_LEVEL = "-O";
				VALIDATE_PRODUCT = YES;
			};
			name = Release;
		};
		20BD7BD3291F770500C7A162 /* Debug */ = {
			isa = XCBuildConfiguration;
			buildSettings = {
				ASSETCATALOG_COMPILER_APPICON_NAME = AppIcon;
				ASSETCATALOG_COMPILER_GLOBAL_ACCENT_COLOR_NAME = AccentColor;
				CODE_SIGN_STYLE = Automatic;
				CURRENT_PROJECT_VERSION = 1;
				DEVELOPMENT_TEAM = X7PX2RYRJL;
				GENERATE_INFOPLIST_FILE = YES;
				INFOPLIST_FILE = "SOLID iOS Example/Info.plist";
				INFOPLIST_KEY_UIApplicationSupportsIndirectInputEvents = YES;
				INFOPLIST_KEY_UILaunchStoryboardName = LaunchScreen;
				INFOPLIST_KEY_UIMainStoryboardFile = Main;
				INFOPLIST_KEY_UISupportedInterfaceOrientations_iPad = "UIInterfaceOrientationPortrait UIInterfaceOrientationPortraitUpsideDown UIInterfaceOrientationLandscapeLeft UIInterfaceOrientationLandscapeRight";
				INFOPLIST_KEY_UISupportedInterfaceOrientations_iPhone = "UIInterfaceOrientationPortrait UIInterfaceOrientationLandscapeLeft UIInterfaceOrientationLandscapeRight";
				IPHONEOS_DEPLOYMENT_TARGET = 15.0;
				LD_RUNPATH_SEARCH_PATHS = (
					"$(inherited)",
					"@executable_path/Frameworks",
				);
				MARKETING_VERSION = 1.0;
				PRODUCT_BUNDLE_IDENTIFIER = "co.codeturnal.SOLID-iOS-Example";
				PRODUCT_NAME = "$(TARGET_NAME)";
				SWIFT_EMIT_LOC_STRINGS = YES;
				SWIFT_VERSION = 5.0;
				TARGETED_DEVICE_FAMILY = "1,2";
			};
			name = Debug;
		};
		20BD7BD4291F770500C7A162 /* Release */ = {
			isa = XCBuildConfiguration;
			buildSettings = {
				ASSETCATALOG_COMPILER_APPICON_NAME = AppIcon;
				ASSETCATALOG_COMPILER_GLOBAL_ACCENT_COLOR_NAME = AccentColor;
				CODE_SIGN_STYLE = Automatic;
				CURRENT_PROJECT_VERSION = 1;
				DEVELOPMENT_TEAM = X7PX2RYRJL;
				GENERATE_INFOPLIST_FILE = YES;
				INFOPLIST_FILE = "SOLID iOS Example/Info.plist";
				INFOPLIST_KEY_UIApplicationSupportsIndirectInputEvents = YES;
				INFOPLIST_KEY_UILaunchStoryboardName = LaunchScreen;
				INFOPLIST_KEY_UIMainStoryboardFile = Main;
				INFOPLIST_KEY_UISupportedInterfaceOrientations_iPad = "UIInterfaceOrientationPortrait UIInterfaceOrientationPortraitUpsideDown UIInterfaceOrientationLandscapeLeft UIInterfaceOrientationLandscapeRight";
				INFOPLIST_KEY_UISupportedInterfaceOrientations_iPhone = "UIInterfaceOrientationPortrait UIInterfaceOrientationLandscapeLeft UIInterfaceOrientationLandscapeRight";
				IPHONEOS_DEPLOYMENT_TARGET = 15.0;
				LD_RUNPATH_SEARCH_PATHS = (
					"$(inherited)",
					"@executable_path/Frameworks",
				);
				MARKETING_VERSION = 1.0;
				PRODUCT_BUNDLE_IDENTIFIER = "co.codeturnal.SOLID-iOS-Example";
				PRODUCT_NAME = "$(TARGET_NAME)";
				SWIFT_EMIT_LOC_STRINGS = YES;
				SWIFT_VERSION = 5.0;
				TARGETED_DEVICE_FAMILY = "1,2";
			};
			name = Release;
		};
/* End XCBuildConfiguration section */

/* Begin XCConfigurationList section */
		20BD7BB9291F770300C7A162 /* Build configuration list for PBXProject "SOLID iOS Example" */ = {
			isa = XCConfigurationList;
			buildConfigurations = (
				20BD7BD0291F770500C7A162 /* Debug */,
				20BD7BD1291F770500C7A162 /* Release */,
			);
			defaultConfigurationIsVisible = 0;
			defaultConfigurationName = Release;
		};
		20BD7BD2291F770500C7A162 /* Build configuration list for PBXNativeTarget "SOLID iOS Example" */ = {
			isa = XCConfigurationList;
			buildConfigurations = (
				20BD7BD3291F770500C7A162 /* Debug */,
				20BD7BD4291F770500C7A162 /* Release */,
			);
			defaultConfigurationIsVisible = 0;
			defaultConfigurationName = Release;
		};
/* End XCConfigurationList section */
	};
	rootObject = 20BD7BB6291F770300C7A162 /* Project object */;
}
